
Microsoft Visual Studio Solution File, Format Version 12.00
# Visual Studio Version 17
VisualStudioVersion = 17.8.34309.116
MinimumVisualStudioVersion = 10.0.40219.1
Project("{2150E333-8FDC-42A3-9474-1A3956D46DE8}") = "src", "src", "{B22E99CF-5B8B-4E46-B5D8-DC81933DE459}"
EndProject
Project("{9A19103F-16F7-4668-BE54-9A1E7A4F7556}") = "Domain", "Domain\Domain.csproj", "{E2213C0B-DEB0-4627-83EE-C67DEBD879A8}"
EndProject
Project("{9A19103F-16F7-4668-BE54-9A1E7A4F7556}") = "Application", "Application\Application.csproj", "{D3227215-98CF-4B87-B646-5A421002DBF0}"
EndProject
Project("{2150E333-8FDC-42A3-9474-1A3956D46DE8}") = "Core", "Core", "{A0E85815-AABA-4132-B366-B7C563089D2F}"
EndProject
Project("{2150E333-8FDC-42A3-9474-1A3956D46DE8}") = "Solution Items", "Solution Items", "{A76CEAEE-EC1B-4A97-8602-2CEB1C935FB6}"
	ProjectSection(SolutionItems) = preProject
		.editorconfig = .editorconfig
	EndProjectSection
EndProject
Project("{2150E333-8FDC-42A3-9474-1A3956D46DE8}") = "Infrastructure", "Infrastructure", "{B65C7F45-420C-48C9-BC3A-81C04E890BB4}"
EndProject
Project("{9A19103F-16F7-4668-BE54-9A1E7A4F7556}") = "Persistance", "Persistance\Persistance.csproj", "{B9DA8F3E-863D-4E97-B706-7FCABB1837CC}"
EndProject
Project("{9A19103F-16F7-4668-BE54-9A1E7A4F7556}") = "Infrastructure", "Infrastructure\Infrastructure.csproj", "{41A36644-BECB-461A-8AF8-579F511FB784}"
EndProject
Project("{2150E333-8FDC-42A3-9474-1A3956D46DE8}") = "API", "API", "{B7ED7F67-7BF5-4458-917E-E92929E127A8}"
EndProject
Project("{9A19103F-16F7-4668-BE54-9A1E7A4F7556}") = "API", "API\API.csproj", "{D30A9F9F-D252-49DC-8E84-950B005DCB4B}"
EndProject
Project("{FAE04EC0-301F-11D3-BF4B-00C04F79EFBC}") = "Identity", "Identity\Identity.csproj", "{E6556449-BFF3-4A6D-A5E3-0425B6A52EFF}"
EndProject
Global
	GlobalSection(SolutionConfigurationPlatforms) = preSolution
		Debug|Any CPU = Debug|Any CPU
		Release|Any CPU = Release|Any CPU
	EndGlobalSection
	GlobalSection(ProjectConfigurationPlatforms) = postSolution
		{E2213C0B-DEB0-4627-83EE-C67DEBD879A8}.Debug|Any CPU.ActiveCfg = Debug|Any CPU
		{E2213C0B-DEB0-4627-83EE-C67DEBD879A8}.Debug|Any CPU.Build.0 = Debug|Any CPU
		{E2213C0B-DEB0-4627-83EE-C67DEBD879A8}.Release|Any CPU.ActiveCfg = Release|Any CPU
		{E2213C0B-DEB0-4627-83EE-C67DEBD879A8}.Release|Any CPU.Build.0 = Release|Any CPU
		{D3227215-98CF-4B87-B646-5A421002DBF0}.Debug|Any CPU.ActiveCfg = Debug|Any CPU
		{D3227215-98CF-4B87-B646-5A421002DBF0}.Debug|Any CPU.Build.0 = Debug|Any CPU
		{D3227215-98CF-4B87-B646-5A421002DBF0}.Release|Any CPU.ActiveCfg = Release|Any CPU
		{D3227215-98CF-4B87-B646-5A421002DBF0}.Release|Any CPU.Build.0 = Release|Any CPU
		{B9DA8F3E-863D-4E97-B706-7FCABB1837CC}.Debug|Any CPU.ActiveCfg = Debug|Any CPU
		{B9DA8F3E-863D-4E97-B706-7FCABB1837CC}.Debug|Any CPU.Build.0 = Debug|Any CPU
		{B9DA8F3E-863D-4E97-B706-7FCABB1837CC}.Release|Any CPU.ActiveCfg = Release|Any CPU
		{B9DA8F3E-863D-4E97-B706-7FCABB1837CC}.Release|Any CPU.Build.0 = Release|Any CPU
		{41A36644-BECB-461A-8AF8-579F511FB784}.Debug|Any CPU.ActiveCfg = Debug|Any CPU
		{41A36644-BECB-461A-8AF8-579F511FB784}.Debug|Any CPU.Build.0 = Debug|Any CPU
		{41A36644-BECB-461A-8AF8-579F511FB784}.Release|Any CPU.ActiveCfg = Release|Any CPU
		{41A36644-BECB-461A-8AF8-579F511FB784}.Release|Any CPU.Build.0 = Release|Any CPU
		{D30A9F9F-D252-49DC-8E84-950B005DCB4B}.Debug|Any CPU.ActiveCfg = Debug|Any CPU
		{D30A9F9F-D252-49DC-8E84-950B005DCB4B}.Debug|Any CPU.Build.0 = Debug|Any CPU
		{D30A9F9F-D252-49DC-8E84-950B005DCB4B}.Release|Any CPU.ActiveCfg = Release|Any CPU
		{D30A9F9F-D252-49DC-8E84-950B005DCB4B}.Release|Any CPU.Build.0 = Release|Any CPU
		{E6556449-BFF3-4A6D-A5E3-0425B6A52EFF}.Debug|Any CPU.ActiveCfg = Debug|Any CPU
		{E6556449-BFF3-4A6D-A5E3-0425B6A52EFF}.Debug|Any CPU.Build.0 = Debug|Any CPU
		{E6556449-BFF3-4A6D-A5E3-0425B6A52EFF}.Release|Any CPU.ActiveCfg = Release|Any CPU
		{E6556449-BFF3-4A6D-A5E3-0425B6A52EFF}.Release|Any CPU.Build.0 = Release|Any CPU
	EndGlobalSection
	GlobalSection(SolutionProperties) = preSolution
		HideSolutionNode = FALSE
	EndGlobalSection
	GlobalSection(NestedProjects) = preSolution
		{E2213C0B-DEB0-4627-83EE-C67DEBD879A8} = {A0E85815-AABA-4132-B366-B7C563089D2F}
		{D3227215-98CF-4B87-B646-5A421002DBF0} = {A0E85815-AABA-4132-B366-B7C563089D2F}
		{A0E85815-AABA-4132-B366-B7C563089D2F} = {B22E99CF-5B8B-4E46-B5D8-DC81933DE459}
		{B65C7F45-420C-48C9-BC3A-81C04E890BB4} = {B22E99CF-5B8B-4E46-B5D8-DC81933DE459}
		{B9DA8F3E-863D-4E97-B706-7FCABB1837CC} = {B65C7F45-420C-48C9-BC3A-81C04E890BB4}
		{41A36644-BECB-461A-8AF8-579F511FB784} = {B65C7F45-420C-48C9-BC3A-81C04E890BB4}
		{B7ED7F67-7BF5-4458-917E-E92929E127A8} = {B22E99CF-5B8B-4E46-B5D8-DC81933DE459}
		{D30A9F9F-D252-49DC-8E84-950B005DCB4B} = {B7ED7F67-7BF5-4458-917E-E92929E127A8}
		{E6556449-BFF3-4A6D-A5E3-0425B6A52EFF} = {B65C7F45-420C-48C9-BC3A-81C04E890BB4}
	EndGlobalSection
	GlobalSection(ExtensibilityGlobals) = postSolution
		SolutionGuid = {B7199897-C26C-4D47-B21D-E47BE298F905}
	EndGlobalSection
EndGlobal
